
Microsoft Visual Studio Solution File, Format Version 12.00
# Visual Studio Version 17
VisualStudioVersion = 17.0.31903.59
MinimumVisualStudioVersion = 10.0.40219.1
Project("{2150E333-8FDC-42A3-9474-1A3956D46DE8}") = "src", "src", "{E629BCEE-96B1-4A49-AAD1-146BC8994BB8}"
EndProject
Project("{2150E333-8FDC-42A3-9474-1A3956D46DE8}") = "Services", "Services", "{5AAC012C-33A7-4260-80B9-5BB94416BB3C}"
EndProject
Project("{FAE04EC0-301F-11D3-BF4B-00C04F79EFBC}") = "ChatService", "src\Services\ChatService\ChatService.csproj", "{B07E372A-EA73-4ACB-BC8F-5BEBE08CFC21}"
EndProject
Project("{FAE04EC0-301F-11D3-BF4B-00C04F79EFBC}") = "MessageService", "src\Services\MessageService\MessageService.csproj", "{4608A0A2-E136-4883-A80D-463E9A150CCB}"
EndProject
Project("{FAE04EC0-301F-11D3-BF4B-00C04F79EFBC}") = "NotificationService", "src\Services\NotificationService\NotificationService.csproj", "{6CD77314-9334-4D68-B558-5ADC82874E48}"
EndProject
Project("{FAE04EC0-301F-11D3-BF4B-00C04F79EFBC}") = "UserService", "src\Services\UserService\UserService.csproj", "{067F0395-CE02-455E-A9D2-8AFC17D2AB0F}"
EndProject
Project("{FAE04EC0-301F-11D3-BF4B-00C04F79EFBC}") = "ApiGateway", "src\ApiGateway\ApiGateway.csproj", "{894EF7E0-32E3-4185-B510-FA509836CE18}"
EndProject
Global
	GlobalSection(SolutionConfigurationPlatforms) = preSolution
		Debug|Any CPU = Debug|Any CPU
		Release|Any CPU = Release|Any CPU
	EndGlobalSection
	GlobalSection(SolutionProperties) = preSolution
		HideSolutionNode = FALSE
	EndGlobalSection
	GlobalSection(ProjectConfigurationPlatforms) = postSolution
		{B07E372A-EA73-4ACB-BC8F-5BEBE08CFC21}.Debug|Any CPU.ActiveCfg = Debug|Any CPU
		{B07E372A-EA73-4ACB-BC8F-5BEBE08CFC21}.Debug|Any CPU.Build.0 = Debug|Any CPU
		{B07E372A-EA73-4ACB-BC8F-5BEBE08CFC21}.Release|Any CPU.ActiveCfg = Release|Any CPU
		{B07E372A-EA73-4ACB-BC8F-5BEBE08CFC21}.Release|Any CPU.Build.0 = Release|Any CPU
		{4608A0A2-E136-4883-A80D-463E9A150CCB}.Debug|Any CPU.ActiveCfg = Debug|Any CPU
		{4608A0A2-E136-4883-A80D-463E9A150CCB}.Debug|Any CPU.Build.0 = Debug|Any CPU
		{4608A0A2-E136-4883-A80D-463E9A150CCB}.Release|Any CPU.ActiveCfg = Release|Any CPU
		{4608A0A2-E136-4883-A80D-463E9A150CCB}.Release|Any CPU.Build.0 = Release|Any CPU
		{6CD77314-9334-4D68-B558-5ADC82874E48}.Debug|Any CPU.ActiveCfg = Debug|Any CPU
		{6CD77314-9334-4D68-B558-5ADC82874E48}.Debug|Any CPU.Build.0 = Debug|Any CPU
		{6CD77314-9334-4D68-B558-5ADC82874E48}.Release|Any CPU.ActiveCfg = Release|Any CPU
		{6CD77314-9334-4D68-B558-5ADC82874E48}.Release|Any CPU.Build.0 = Release|Any CPU
		{067F0395-CE02-455E-A9D2-8AFC17D2AB0F}.Debug|Any CPU.ActiveCfg = Debug|Any CPU
		{067F0395-CE02-455E-A9D2-8AFC17D2AB0F}.Debug|Any CPU.Build.0 = Debug|Any CPU
		{067F0395-CE02-455E-A9D2-8AFC17D2AB0F}.Release|Any CPU.ActiveCfg = Release|Any CPU
		{067F0395-CE02-455E-A9D2-8AFC17D2AB0F}.Release|Any CPU.Build.0 = Release|Any CPU
		{894EF7E0-32E3-4185-B510-FA509836CE18}.Debug|Any CPU.ActiveCfg = Debug|Any CPU
		{894EF7E0-32E3-4185-B510-FA509836CE18}.Debug|Any CPU.Build.0 = Debug|Any CPU
		{894EF7E0-32E3-4185-B510-FA509836CE18}.Release|Any CPU.ActiveCfg = Release|Any CPU
		{894EF7E0-32E3-4185-B510-FA509836CE18}.Release|Any CPU.Build.0 = Release|Any CPU
	EndGlobalSection
	GlobalSection(NestedProjects) = preSolution
		{5AAC012C-33A7-4260-80B9-5BB94416BB3C} = {E629BCEE-96B1-4A49-AAD1-146BC8994BB8}
		{B07E372A-EA73-4ACB-BC8F-5BEBE08CFC21} = {5AAC012C-33A7-4260-80B9-5BB94416BB3C}
		{4608A0A2-E136-4883-A80D-463E9A150CCB} = {5AAC012C-33A7-4260-80B9-5BB94416BB3C}
		{6CD77314-9334-4D68-B558-5ADC82874E48} = {5AAC012C-33A7-4260-80B9-5BB94416BB3C}
		{067F0395-CE02-455E-A9D2-8AFC17D2AB0F} = {5AAC012C-33A7-4260-80B9-5BB94416BB3C}
		{894EF7E0-32E3-4185-B510-FA509836CE18} = {E629BCEE-96B1-4A49-AAD1-146BC8994BB8}
	EndGlobalSection
EndGlobal
